PODS:
  - DKChainableAnimationKit (1.6.0)
  - RichEditorView (2.0.1)
  - SQLCipher (3.1.0):
    - SQLCipher/standard (= 3.1.0)
  - SQLCipher/common (3.1.0)
  - SQLCipher/standard (3.1.0):
    - SQLCipher/common
  - SQLite.swift (1.0.0)
  - SQLiteCipher.swift (1.0.0):
    - SQLCipher
  - SwiftHTTP (1.0.2)
  - UIColor_Hex_Swift (1.5)

DEPENDENCIES:
  - DKChainableAnimationKit (~> 1.6.0)
  - RichEditorView
  - SQLite.swift (from `https://github.com/stephencelis/SQLite.swift.git`)
  - SQLiteCipher.swift (from `https://github.com/stephencelis/SQLite.swift.git`)
  - SwiftHTTP (~> 1.0.0)
  - UIColor_Hex_Swift (~> 1.5)

EXTERNAL SOURCES:
  SQLite.swift:
    :git: https://github.com/stephencelis/SQLite.swift.git
  SQLiteCipher.swift:
    :git: https://github.com/stephencelis/SQLite.swift.git

CHECKOUT OPTIONS:
  SQLite.swift:
    :commit: c9d3082d1f5ddc2e55a792a8eb1a677b8a1b15f5
    :git: https://github.com/stephencelis/SQLite.swift.git
  SQLiteCipher.swift:
    :commit: c9d3082d1f5ddc2e55a792a8eb1a677b8a1b15f5
    :git: https://github.com/stephencelis/SQLite.swift.git

SPEC CHECKSUMS:
  DKChainableAnimationKit: fe28909402825a42cc632b211eadcc39ad2bee38
  RichEditorView: 1606b9b3e02afe3ccd0de0d8fa3ddb55247e868f
  SQLCipher: c44fcca49c31483c2489cfb79aa7a69407f3794a
  SQLite.swift: 3bb75f5a650f08673276bc6d3fb1de1b542b8f4d
  SQLiteCipher.swift: 6405d3937f6afc94614949336fd1fdefa37428b5
  SwiftHTTP: 6d8ca031a9ce613a01e8f18b497503887b0b50c0
  UIColor_Hex_Swift: 09997d02e9ba2833569fd048663fddbe90cf2c52

COCOAPODS: 0.39.0
