// !$*UTF8*$!
{
	archiveVersion = 1;
	classes = {
	};
	objectVersion = 46;
	objects = {

/* Begin PBXBuildFile section */
		3611B0931BE740BD00F2FFF9 /* TableViewController.swift in Sources */ = {isa = PBXBuildFile; fileRef = 3611B0921BE740BD00F2FFF9 /* TableViewController.swift */; };
		3611B0971BE8A94200F2FFF9 /* NoteModel.swift in Sources */ = {isa = PBXBuildFile; fileRef = 3611B0961BE8A94200F2FFF9 /* NoteModel.swift */; };
		3615ADE91C180A3B00845E7C /* ProfilePic.swift in Sources */ = {isa = PBXBuildFile; fileRef = 3615ADE81C180A3B00845E7C /* ProfilePic.swift */; };
		36344E6F1BF32D980053EDCD /* ElementSketch.swift in Sources */ = {isa = PBXBuildFile; fileRef = 36344E6E1BF32D980053EDCD /* ElementSketch.swift */; };
		36344E711BF32EAC0053EDCD /* ElementSketch.xib in Resources */ = {isa = PBXBuildFile; fileRef = 36344E701BF32EAC0053EDCD /* ElementSketch.xib */; };
		36344E731BF33B2F0053EDCD /* ElementSketchFooter.xib in Resources */ = {isa = PBXBuildFile; fileRef = 36344E721BF33B2F0053EDCD /* ElementSketchFooter.xib */; };
		36344E751BF3A5F10053EDCD /* ElementSketchFooter.swift in Sources */ = {isa = PBXBuildFile; fileRef = 36344E741BF3A5F10053EDCD /* ElementSketchFooter.swift */; };
		364EA4611BF1B37A001B7161 /* NoteElementModel.swift in Sources */ = {isa = PBXBuildFile; fileRef = 364EA4601BF1B37A001B7161 /* NoteElementModel.swift */; };
		364EA4631BF20F70001B7161 /* ElementRecording.swift in Sources */ = {isa = PBXBuildFile; fileRef = 364EA4621BF20F70001B7161 /* ElementRecording.swift */; };
		364EA4651BF20FC6001B7161 /* ElementRecording.xib in Resources */ = {isa = PBXBuildFile; fileRef = 364EA4641BF20FC6001B7161 /* ElementRecording.xib */; };
		365A74F01C61EB9600DEDD15 /* AgendaMedium.ttf in Resources */ = {isa = PBXBuildFile; fileRef = 365A74ED1C61EA2500DEDD15 /* AgendaMedium.ttf */; };
		366420321BE4BF03003477CF /* FolderModel.swift in Sources */ = {isa = PBXBuildFile; fileRef = 366420311BE4BF03003477CF /* FolderModel.swift */; };
		36685A0A1C0DAE1100113F2D /* LocalAuthentication.framework in Frameworks */ = {isa = PBXBuildFile; fileRef = 36685A091C0DAE1100113F2D /* LocalAuthentication.framework */; };
		366CE6011BFE6F550002A0C7 /* GoogleService-Info.plist in Resources */ = {isa = PBXBuildFile; fileRef = 366CE6001BFE6F550002A0C7 /* GoogleService-Info.plist */; };
		36E4166F1BEB1266007EE385 /* NoteCollectionViewCell.xib in Resources */ = {isa = PBXBuildFile; fileRef = 36E4166E1BEB1266007EE385 /* NoteCollectionViewCell.xib */; };
		36E416711BEB12E0007EE385 /* NoteCollectionUIView.swift in Sources */ = {isa = PBXBuildFile; fileRef = 36E416701BEB12E0007EE385 /* NoteCollectionUIView.swift */; };
		36E416731BEB35EE007EE385 /* NoteFooterAdd.xib in Resources */ = {isa = PBXBuildFile; fileRef = 36E416721BEB35EE007EE385 /* NoteFooterAdd.xib */; };
		36E416751BEB3624007EE385 /* NoteFooterAdd.swift in Sources */ = {isa = PBXBuildFile; fileRef = 36E416741BEB3624007EE385 /* NoteFooterAdd.swift */; };
		36E416771BEB6C9C007EE385 /* AddCircle.xib in Resources */ = {isa = PBXBuildFile; fileRef = 36E416761BEB6C9C007EE385 /* AddCircle.xib */; };
		36E416791BEB6D18007EE385 /* AddCircle.swift in Sources */ = {isa = PBXBuildFile; fileRef = 36E416781BEB6D18007EE385 /* AddCircle.swift */; };
		36E846A31BE48AF8004109FA /* UIViewControllerExtension.swift in Sources */ = {isa = PBXBuildFile; fileRef = 36E846A21BE48AF8004109FA /* UIViewControllerExtension.swift */; };
		36F114701BF078CC0023E2DB /* ConfigModel.swift in Sources */ = {isa = PBXBuildFile; fileRef = 36F1146F1BF078CC0023E2DB /* ConfigModel.swift */; };
		36F114721BF08DD30023E2DB /* Layout.swift in Sources */ = {isa = PBXBuildFile; fileRef = 36F114711BF08DD30023E2DB /* Layout.swift */; };
		36F114741BF08E6B0023E2DB /* Checkbox.swift in Sources */ = {isa = PBXBuildFile; fileRef = 36F114731BF08E6B0023E2DB /* Checkbox.swift */; };
		36F114761BF0B6310023E2DB /* DetailViewFooterMain.xib in Resources */ = {isa = PBXBuildFile; fileRef = 36F114751BF0B6310023E2DB /* DetailViewFooterMain.xib */; };
		36F1147A1BF0BA770023E2DB /* DetailViewFooterMain.swift in Sources */ = {isa = PBXBuildFile; fileRef = 36F114791BF0BA770023E2DB /* DetailViewFooterMain.swift */; };
		36F1147C1BF0F8990023E2DB /* ElementCheckBox.xib in Resources */ = {isa = PBXBuildFile; fileRef = 36F1147B1BF0F8990023E2DB /* ElementCheckBox.xib */; };
		36F1147E1BF0F8B10023E2DB /* ElementCheckBox.swift in Sources */ = {isa = PBXBuildFile; fileRef = 36F1147D1BF0F8B10023E2DB /* ElementCheckBox.swift */; };
		36F5682B1C08373A00CBE128 /* DeleteSection.swift in Sources */ = {isa = PBXBuildFile; fileRef = 36F568291C08373A00CBE128 /* DeleteSection.swift */; };
		36F5682C1C08373A00CBE128 /* DeleteSection.xib in Resources */ = {isa = PBXBuildFile; fileRef = 36F5682A1C08373A00CBE128 /* DeleteSection.xib */; };
		36F568BA1C08398600CBE128 /* RichEditorNew.swift in Sources */ = {isa = PBXBuildFile; fileRef = 36F568B91C08398600CBE128 /* RichEditorNew.swift */; };
		36F568BD1C08476400CBE128 /* ElementImage.swift in Sources */ = {isa = PBXBuildFile; fileRef = 36F568BC1C08476400CBE128 /* ElementImage.swift */; };
		36F568BF1C08540900CBE128 /* ElementImage.xib in Resources */ = {isa = PBXBuildFile; fileRef = 36F568BE1C08540900CBE128 /* ElementImage.xib */; };
		36F7AE1D1BFB813B00596BBF /* FBSDKLoginKit.framework in Frameworks */ = {isa = PBXBuildFile; fileRef = 36F7AE1B1BFB813B00596BBF /* FBSDKLoginKit.framework */; };
		36F7AE1E1BFB813B00596BBF /* FBSDKCoreKit.framework in Frameworks */ = {isa = PBXBuildFile; fileRef = 36F7AE1C1BFB813B00596BBF /* FBSDKCoreKit.framework */; };
		43344AFB1BF5B42E00AC4802 /* TermsViewController.swift in Sources */ = {isa = PBXBuildFile; fileRef = 43344AFA1BF5B42E00AC4802 /* TermsViewController.swift */; };
		43344AFD1BF5B44200AC4802 /* AboutViewController.swift in Sources */ = {isa = PBXBuildFile; fileRef = 43344AFC1BF5B44200AC4802 /* AboutViewController.swift */; };
		43344AFF1BF5BC9000AC4802 /* HighlighterView.xib in Resources */ = {isa = PBXBuildFile; fileRef = 43344AFE1BF5BC9000AC4802 /* HighlighterView.xib */; };
		43344B011BF5BC9A00AC4802 /* HighlighterView.swift in Sources */ = {isa = PBXBuildFile; fileRef = 43344B001BF5BC9A00AC4802 /* HighlighterView.swift */; };
		43344B031BF5BCDA00AC4802 /* BrushView.xib in Resources */ = {isa = PBXBuildFile; fileRef = 43344B021BF5BCDA00AC4802 /* BrushView.xib */; };
		43344B051BF5BCE600AC4802 /* EraserView.xib in Resources */ = {isa = PBXBuildFile; fileRef = 43344B041BF5BCE600AC4802 /* EraserView.xib */; };
		43344B071BF5D77A00AC4802 /* BrushView.swift in Sources */ = {isa = PBXBuildFile; fileRef = 43344B061BF5D77A00AC4802 /* BrushView.swift */; };
		43344B091BF5D8F500AC4802 /* EraserView.swift in Sources */ = {isa = PBXBuildFile; fileRef = 43344B081BF5D8F500AC4802 /* EraserView.swift */; };
		43344B0B1BF5FFD600AC4802 /* MessageView.xib in Resources */ = {isa = PBXBuildFile; fileRef = 43344B0A1BF5FFD600AC4802 /* MessageView.xib */; };
		43344B0D1BF602E600AC4802 /* MessageView.swift in Sources */ = {isa = PBXBuildFile; fileRef = 43344B0C1BF602E600AC4802 /* MessageView.swift */; };
		43344B251BF7470C00AC4802 /* SettingViewController.swift in Sources */ = {isa = PBXBuildFile; fileRef = 43344B241BF7470C00AC4802 /* SettingViewController.swift */; };
		434E77781BE34B4800684C08 /* SlideMenuController.swift in Sources */ = {isa = PBXBuildFile; fileRef = 434E77771BE34B4800684C08 /* SlideMenuController.swift */; };
		434E778B1BE3979800684C08 /* MenuListViewController.swift in Sources */ = {isa = PBXBuildFile; fileRef = 434E778A1BE3979800684C08 /* MenuListViewController.swift */; };
		4361079E1BE9F4BE0094BB25 /* Detailview.swift in Sources */ = {isa = PBXBuildFile; fileRef = 4361079D1BE9F4BE0094BB25 /* Detailview.swift */; };
		436107A01BE9F6500094BB25 /* mainview.swift in Sources */ = {isa = PBXBuildFile; fileRef = 4361079F1BE9F6500094BB25 /* mainview.swift */; };
		436107A21BEA06320094BB25 /* Move.xib in Resources */ = {isa = PBXBuildFile; fileRef = 436107A11BEA06320094BB25 /* Move.xib */; };
		436107A41BEA2A750094BB25 /* Move.swift in Sources */ = {isa = PBXBuildFile; fileRef = 436107A31BEA2A750094BB25 /* Move.swift */; };
		436107A61BEB276D0094BB25 /* NavigationTableCell.swift in Sources */ = {isa = PBXBuildFile; fileRef = 436107A51BEB276D0094BB25 /* NavigationTableCell.swift */; };
		436107A81BEB27890094BB25 /* NavigationTableCell.xib in Resources */ = {isa = PBXBuildFile; fileRef = 436107A71BEB27890094BB25 /* NavigationTableCell.xib */; };
		4373172E1BD770650018B580 /* AppDelegate.swift in Sources */ = {isa = PBXBuildFile; fileRef = 4373172D1BD770650018B580 /* AppDelegate.swift */; };
		437317301BD770650018B580 /* ViewController.swift in Sources */ = {isa = PBXBuildFile; fileRef = 4373172F1BD770650018B580 /* ViewController.swift */; };
		437317351BD770660018B580 /* Assets.xcassets in Resources */ = {isa = PBXBuildFile; fileRef = 437317341BD770660018B580 /* Assets.xcassets */; };
		437317381BD770660018B580 /* LaunchScreen.storyboard in Resources */ = {isa = PBXBuildFile; fileRef = 437317361BD770660018B580 /* LaunchScreen.storyboard */; };
		437317431BD770660018B580 /* deploynotshareTests.swift in Sources */ = {isa = PBXBuildFile; fileRef = 437317421BD770660018B580 /* deploynotshareTests.swift */; };
		4373174E1BD770660018B580 /* deploynotshareUITests.swift in Sources */ = {isa = PBXBuildFile; fileRef = 4373174D1BD770660018B580 /* deploynotshareUITests.swift */; };
		437EF0DB1BD8CA5500B7E9BF /* cardViewController.swift in Sources */ = {isa = PBXBuildFile; fileRef = 437EF0DA1BD8CA5500B7E9BF /* cardViewController.swift */; };
		4380B3501BDA54DF0026CED9 /* popup.swift in Sources */ = {isa = PBXBuildFile; fileRef = 4380B34F1BDA54DF0026CED9 /* popup.swift */; };
		4380B3521BDA590E0026CED9 /* detailViewController.swift in Sources */ = {isa = PBXBuildFile; fileRef = 4380B3511BDA590E0026CED9 /* detailViewController.swift */; };
		4389CE251BECB8E7005CF805 /* MoveToFolder.xib in Resources */ = {isa = PBXBuildFile; fileRef = 4389CE241BECB8E7005CF805 /* MoveToFolder.xib */; };
		4389CE271BECBA12005CF805 /* MoveToFolder.swift in Sources */ = {isa = PBXBuildFile; fileRef = 4389CE261BECBA11005CF805 /* MoveToFolder.swift */; };
		4389CE291BEDDC36005CF805 /* ColorPattern.xib in Resources */ = {isa = PBXBuildFile; fileRef = 4389CE281BEDDC36005CF805 /* ColorPattern.xib */; };
		4389CE2B1BEDE136005CF805 /* ColorPattern.swift in Sources */ = {isa = PBXBuildFile; fileRef = 4389CE2A1BEDE136005CF805 /* ColorPattern.swift */; };
		43921D551BE0BD940032DE28 /* SortView.xib in Resources */ = {isa = PBXBuildFile; fileRef = 43921D541BE0BD940032DE28 /* SortView.xib */; };
		43921D571BE0C4590032DE28 /* SortView.swift in Sources */ = {isa = PBXBuildFile; fileRef = 43921D561BE0C4590032DE28 /* SortView.swift */; };
		43921D591BE0D8260032DE28 /* ThinkViewController.swift in Sources */ = {isa = PBXBuildFile; fileRef = 43921D581BE0D8260032DE28 /* ThinkViewController.swift */; };
		43921D5B1BE0E7DA0032DE28 /* PasswordViewController.swift in Sources */ = {isa = PBXBuildFile; fileRef = 43921D5A1BE0E7DA0032DE28 /* PasswordViewController.swift */; };
		4395A63F1BF9A2D800EE4F10 /* SyncTableViewController.swift in Sources */ = {isa = PBXBuildFile; fileRef = 4395A63E1BF9A2D700EE4F10 /* SyncTableViewController.swift */; };
		4395A6411BF9AEA600EE4F10 /* AboutTableViewController.swift in Sources */ = {isa = PBXBuildFile; fileRef = 4395A6401BF9AEA600EE4F10 /* AboutTableViewController.swift */; };
		4395A6431BF9C2F800EE4F10 /* SecurityViewController.swift in Sources */ = {isa = PBXBuildFile; fileRef = 4395A6421BF9C2F800EE4F10 /* SecurityViewController.swift */; };
		43A004991BE8821600396E47 /* ViewView.swift in Sources */ = {isa = PBXBuildFile; fileRef = 43A004981BE8821600396E47 /* ViewView.swift */; };
		43A0049B1BE894E300396E47 /* ViewView.xib in Resources */ = {isa = PBXBuildFile; fileRef = 43A0049A1BE894E300396E47 /* ViewView.xib */; };
		43A0049D1BE8BC8100396E47 /* DateTime.xib in Resources */ = {isa = PBXBuildFile; fileRef = 43A0049C1BE8BC8100396E47 /* DateTime.xib */; };
		43BE98E61BF21D0F0006CBC4 /* ColorPaper.xib in Resources */ = {isa = PBXBuildFile; fileRef = 43BE98E51BF21D0F0006CBC4 /* ColorPaper.xib */; };
		43BE98E81BF220DE0006CBC4 /* ColorPaper.swift in Sources */ = {isa = PBXBuildFile; fileRef = 43BE98E71BF220DE0006CBC4 /* ColorPaper.swift */; };
		43CB115A1C107723006F3FA8 /* InsideNoteMenu.xib in Resources */ = {isa = PBXBuildFile; fileRef = 43CB11591C107723006F3FA8 /* InsideNoteMenu.xib */; };
		43CB115D1C107C10006F3FA8 /* InsideNoteMenu.swift in Sources */ = {isa = PBXBuildFile; fileRef = 43CB115C1C107C10006F3FA8 /* InsideNoteMenu.swift */; };
		43E0F2AE1BE8C5E500363F49 /* DateTime.swift in Sources */ = {isa = PBXBuildFile; fileRef = 43E0F2AD1BE8C5E500363F49 /* DateTime.swift */; };
		43E0F2F01BE9E61C00363F49 /* Listview.swift in Sources */ = {isa = PBXBuildFile; fileRef = 43E0F2EF1BE9E61C00363F49 /* Listview.swift */; };
		43EFB9BD1BDE29130014EDF9 /* ListViewController.swift in Sources */ = {isa = PBXBuildFile; fileRef = 43EFB9BC1BDE29130014EDF9 /* ListViewController.swift */; };
		43EFB9BF1BDE3D5A0014EDF9 /* ListTableViewCell.swift in Sources */ = {isa = PBXBuildFile; fileRef = 43EFB9BE1BDE3D5A0014EDF9 /* ListTableViewCell.swift */; };
		43F1A29D1BDBA87700F82938 /* Main.storyboard in Resources */ = {isa = PBXBuildFile; fileRef = 43F1A29B1BDBA87700F82938 /* Main.storyboard */; };
		782721991BFDAC8C00241D44 /* delete.png in Resources */ = {isa = PBXBuildFile; fileRef = 782721871BFDAC8C00241D44 /* delete.png */; };
		7827219A1BFDAC8C00241D44 /* delete@2x.png in Resources */ = {isa = PBXBuildFile; fileRef = 782721881BFDAC8C00241D44 /* delete@2x.png */; };
		7827219B1BFDAC8C00241D44 /* delete@3x.png in Resources */ = {isa = PBXBuildFile; fileRef = 782721891BFDAC8C00241D44 /* delete@3x.png */; };
		7827219C1BFDAC8C00241D44 /* lock.png in Resources */ = {isa = PBXBuildFile; fileRef = 7827218A1BFDAC8C00241D44 /* lock.png */; };
		7827219D1BFDAC8C00241D44 /* lock@2x.png in Resources */ = {isa = PBXBuildFile; fileRef = 7827218B1BFDAC8C00241D44 /* lock@2x.png */; };
		7827219E1BFDAC8C00241D44 /* lock@3x.png in Resources */ = {isa = PBXBuildFile; fileRef = 7827218C1BFDAC8C00241D44 /* lock@3x.png */; };
		7827219F1BFDAC8C00241D44 /* move.png in Resources */ = {isa = PBXBuildFile; fileRef = 7827218D1BFDAC8C00241D44 /* move.png */; };
		782721A01BFDAC8C00241D44 /* move@2x.png in Resources */ = {isa = PBXBuildFile; fileRef = 7827218E1BFDAC8C00241D44 /* move@2x.png */; };
		782721A11BFDAC8C00241D44 /* move@3x.png in Resources */ = {isa = PBXBuildFile; fileRef = 7827218F1BFDAC8C00241D44 /* move@3x.png */; };
		782721A21BFDAC8C00241D44 /* reminder.png in Resources */ = {isa = PBXBuildFile; fileRef = 782721901BFDAC8C00241D44 /* reminder.png */; };
		782721A31BFDAC8C00241D44 /* reminder@2x.png in Resources */ = {isa = PBXBuildFile; fileRef = 782721911BFDAC8C00241D44 /* reminder@2x.png */; };
		782721A41BFDAC8C00241D44 /* reminder@3x.png in Resources */ = {isa = PBXBuildFile; fileRef = 782721921BFDAC8C00241D44 /* reminder@3x.png */; };
		782721A51BFDAC8C00241D44 /* share.png in Resources */ = {isa = PBXBuildFile; fileRef = 782721931BFDAC8C00241D44 /* share.png */; };
		782721A61BFDAC8C00241D44 /* share@2x.png in Resources */ = {isa = PBXBuildFile; fileRef = 782721941BFDAC8C00241D44 /* share@2x.png */; };
		782721A71BFDAC8C00241D44 /* share@3x.png in Resources */ = {isa = PBXBuildFile; fileRef = 782721951BFDAC8C00241D44 /* share@3x.png */; };
		782721A81BFDAC8C00241D44 /* timebomb.png in Resources */ = {isa = PBXBuildFile; fileRef = 782721961BFDAC8C00241D44 /* timebomb.png */; };
		782721A91BFDAC8C00241D44 /* timebomb@2x.png in Resources */ = {isa = PBXBuildFile; fileRef = 782721971BFDAC8C00241D44 /* timebomb@2x.png */; };
		782721AA1BFDAC8C00241D44 /* timebomb@3x.png in Resources */ = {isa = PBXBuildFile; fileRef = 782721981BFDAC8C00241D44 /* timebomb@3x.png */; };
		CB6D02908480861E8104DBED /* Pods.framework in Frameworks */ = {isa = PBXBuildFile; fileRef = B5C5E5AA73873D644F4D1844 /* Pods.framework */; };
/* End PBXBuildFile section */

/* Begin PBXContainerItemProxy section */
		4373173F1BD770660018B580 /* PBXContainerItemProxy */ = {
			isa = PBXContainerItemProxy;
			containerPortal = 437317221BD770650018B580 /* Project object */;
			proxyType = 1;
			remoteGlobalIDString = 437317291BD770650018B580;
			remoteInfo = deploynotshare;
		};
		4373174A1BD770660018B580 /* PBXContainerItemProxy */ = {
			isa = PBXContainerItemProxy;
			containerPortal = 437317221BD770650018B580 /* Project object */;
			proxyType = 1;
			remoteGlobalIDString = 437317291BD770650018B580;
			remoteInfo = deploynotshare;
		};
/* End PBXContainerItemProxy section */

/* Begin PBXFileReference section */
		3611B0921BE740BD00F2FFF9 /* TableViewController.swift */ = {isa = PBXFileReference; fileEncoding = 4; lastKnownFileType = sourcecode.swift; path = TableViewController.swift; sourceTree = "<group>"; };
		3611B0961BE8A94200F2FFF9 /* NoteModel.swift */ = {isa = PBXFileReference; fileEncoding = 4; lastKnownFileType = sourcecode.swift; path = NoteModel.swift; sourceTree = "<group>"; };
		3615ADE81C180A3B00845E7C /* ProfilePic.swift */ = {isa = PBXFileReference; fileEncoding = 4; lastKnownFileType = sourcecode.swift; path = ProfilePic.swift; sourceTree = "<group>"; };
		36344E6E1BF32D980053EDCD /* ElementSketch.swift */ = {isa = PBXFileReference; fileEncoding = 4; lastKnownFileType = sourcecode.swift; path = ElementSketch.swift; sourceTree = "<group>"; };
		36344E701BF32EAC0053EDCD /* ElementSketch.xib */ = {isa = PBXFileReference; fileEncoding = 4; lastKnownFileType = file.xib; path = ElementSketch.xib; sourceTree = "<group>"; };
		36344E721BF33B2F0053EDCD /* ElementSketchFooter.xib */ = {isa = PBXFileReference; fileEncoding = 4; lastKnownFileType = file.xib; path = ElementSketchFooter.xib; sourceTree = "<group>"; };
		36344E741BF3A5F10053EDCD /* ElementSketchFooter.swift */ = {isa = PBXFileReference; fileEncoding = 4; lastKnownFileType = sourcecode.swift; path = ElementSketchFooter.swift; sourceTree = "<group>"; };
		364EA4601BF1B37A001B7161 /* NoteElementModel.swift */ = {isa = PBXFileReference; fileEncoding = 4; lastKnownFileType = sourcecode.swift; path = NoteElementModel.swift; sourceTree = "<group>"; };
		364EA4621BF20F70001B7161 /* ElementRecording.swift */ = {isa = PBXFileReference; fileEncoding = 4; lastKnownFileType = sourcecode.swift; path = ElementRecording.swift; sourceTree = "<group>"; };
		364EA4641BF20FC6001B7161 /* ElementRecording.xib */ = {isa = PBXFileReference; fileEncoding = 4; lastKnownFileType = file.xib; path = ElementRecording.xib; sourceTree = "<group>"; };
		365A74ED1C61EA2500DEDD15 /* AgendaMedium.ttf */ = {isa = PBXFileReference; lastKnownFileType = file; path = AgendaMedium.ttf; sourceTree = "<group>"; };
		366420311BE4BF03003477CF /* FolderModel.swift */ = {isa = PBXFileReference; fileEncoding = 4; lastKnownFileType = sourcecode.swift; path = FolderModel.swift; sourceTree = "<group>"; };
		36685A091C0DAE1100113F2D /* LocalAuthentication.framework */ = {isa = PBXFileReference; lastKnownFileType = wrapper.framework; name = LocalAuthentication.framework; path = System/Library/Frameworks/LocalAuthentication.framework; sourceTree = SDKROOT; };
		366CE6001BFE6F550002A0C7 /* GoogleService-Info.plist */ = {isa = PBXFileReference; fileEncoding = 4; lastKnownFileType = text.plist.xml; path = "GoogleService-Info.plist"; sourceTree = "<group>"; };
		36E4166E1BEB1266007EE385 /* NoteCollectionViewCell.xib */ = {isa = PBXFileReference; fileEncoding = 4; lastKnownFileType = file.xib; path = NoteCollectionViewCell.xib; sourceTree = "<group>"; };
		36E416701BEB12E0007EE385 /* NoteCollectionUIView.swift */ = {isa = PBXFileReference; fileEncoding = 4; lastKnownFileType = sourcecode.swift; path = NoteCollectionUIView.swift; sourceTree = "<group>"; };
		36E416721BEB35EE007EE385 /* NoteFooterAdd.xib */ = {isa = PBXFileReference; fileEncoding = 4; lastKnownFileType = file.xib; path = NoteFooterAdd.xib; sourceTree = "<group>"; };
		36E416741BEB3624007EE385 /* NoteFooterAdd.swift */ = {isa = PBXFileReference; fileEncoding = 4; lastKnownFileType = sourcecode.swift; path = NoteFooterAdd.swift; sourceTree = "<group>"; };
		36E416761BEB6C9C007EE385 /* AddCircle.xib */ = {isa = PBXFileReference; fileEncoding = 4; lastKnownFileType = file.xib; path = AddCircle.xib; sourceTree = "<group>"; };
		36E416781BEB6D18007EE385 /* AddCircle.swift */ = {isa = PBXFileReference; fileEncoding = 4; lastKnownFileType = sourcecode.swift; path = AddCircle.swift; sourceTree = "<group>"; };
		36E846A21BE48AF8004109FA /* UIViewControllerExtension.swift */ = {isa = PBXFileReference; fileEncoding = 4; lastKnownFileType = sourcecode.swift; path = UIViewControllerExtension.swift; sourceTree = "<group>"; };
		36F1146F1BF078CC0023E2DB /* ConfigModel.swift */ = {isa = PBXFileReference; fileEncoding = 4; lastKnownFileType = sourcecode.swift; path = ConfigModel.swift; sourceTree = "<group>"; };
		36F114711BF08DD30023E2DB /* Layout.swift */ = {isa = PBXFileReference; fileEncoding = 4; lastKnownFileType = sourcecode.swift; path = Layout.swift; sourceTree = "<group>"; };
		36F114731BF08E6B0023E2DB /* Checkbox.swift */ = {isa = PBXFileReference; fileEncoding = 4; lastKnownFileType = sourcecode.swift; path = Checkbox.swift; sourceTree = "<group>"; };
		36F114751BF0B6310023E2DB /* DetailViewFooterMain.xib */ = {isa = PBXFileReference; fileEncoding = 4; lastKnownFileType = file.xib; path = DetailViewFooterMain.xib; sourceTree = "<group>"; };
		36F114791BF0BA770023E2DB /* DetailViewFooterMain.swift */ = {isa = PBXFileReference; fileEncoding = 4; lastKnownFileType = sourcecode.swift; path = DetailViewFooterMain.swift; sourceTree = "<group>"; };
		36F1147B1BF0F8990023E2DB /* ElementCheckBox.xib */ = {isa = PBXFileReference; fileEncoding = 4; lastKnownFileType = file.xib; path = ElementCheckBox.xib; sourceTree = "<group>"; };
		36F1147D1BF0F8B10023E2DB /* ElementCheckBox.swift */ = {isa = PBXFileReference; fileEncoding = 4; lastKnownFileType = sourcecode.swift; path = ElementCheckBox.swift; sourceTree = "<group>"; };
		36F568291C08373A00CBE128 /* DeleteSection.swift */ = {isa = PBXFileReference; fileEncoding = 4; lastKnownFileType = sourcecode.swift; path = DeleteSection.swift; sourceTree = "<group>"; };
		36F5682A1C08373A00CBE128 /* DeleteSection.xib */ = {isa = PBXFileReference; fileEncoding = 4; lastKnownFileType = file.xib; path = DeleteSection.xib; sourceTree = "<group>"; };
		36F568B91C08398600CBE128 /* RichEditorNew.swift */ = {isa = PBXFileReference; fileEncoding = 4; lastKnownFileType = sourcecode.swift; path = RichEditorNew.swift; sourceTree = "<group>"; };
		36F568BC1C08476400CBE128 /* ElementImage.swift */ = {isa = PBXFileReference; fileEncoding = 4; lastKnownFileType = sourcecode.swift; path = ElementImage.swift; sourceTree = "<group>"; };
		36F568BE1C08540900CBE128 /* ElementImage.xib */ = {isa = PBXFileReference; fileEncoding = 4; lastKnownFileType = file.xib; path = ElementImage.xib; sourceTree = "<group>"; };
		36F7AE1B1BFB813B00596BBF /* FBSDKLoginKit.framework */ = {isa = PBXFileReference; lastKnownFileType = wrapper.framework; path = FBSDKLoginKit.framework; sourceTree = "<group>"; };
		36F7AE1C1BFB813B00596BBF /* FBSDKCoreKit.framework */ = {isa = PBXFileReference; lastKnownFileType = wrapper.framework; path = FBSDKCoreKit.framework; sourceTree = "<group>"; };
		43344AFA1BF5B42E00AC4802 /* TermsViewController.swift */ = {isa = PBXFileReference; fileEncoding = 4; lastKnownFileType = sourcecode.swift; path = TermsViewController.swift; sourceTree = "<group>"; };
		43344AFC1BF5B44200AC4802 /* AboutViewController.swift */ = {isa = PBXFileReference; fileEncoding = 4; lastKnownFileType = sourcecode.swift; path = AboutViewController.swift; sourceTree = "<group>"; };
		43344AFE1BF5BC9000AC4802 /* HighlighterView.xib */ = {isa = PBXFileReference; fileEncoding = 4; lastKnownFileType = file.xib; path = HighlighterView.xib; sourceTree = "<group>"; };
		43344B001BF5BC9A00AC4802 /* HighlighterView.swift */ = {isa = PBXFileReference; fileEncoding = 4; lastKnownFileType = sourcecode.swift; path = HighlighterView.swift; sourceTree = "<group>"; };
		43344B021BF5BCDA00AC4802 /* BrushView.xib */ = {isa = PBXFileReference; fileEncoding = 4; lastKnownFileType = file.xib; path = BrushView.xib; sourceTree = "<group>"; };
		43344B041BF5BCE600AC4802 /* EraserView.xib */ = {isa = PBXFileReference; fileEncoding = 4; lastKnownFileType = file.xib; path = EraserView.xib; sourceTree = "<group>"; };
		43344B061BF5D77A00AC4802 /* BrushView.swift */ = {isa = PBXFileReference; fileEncoding = 4; lastKnownFileType = sourcecode.swift; path = BrushView.swift; sourceTree = "<group>"; };
		43344B081BF5D8F500AC4802 /* EraserView.swift */ = {isa = PBXFileReference; fileEncoding = 4; lastKnownFileType = sourcecode.swift; path = EraserView.swift; sourceTree = "<group>"; };
		43344B0A1BF5FFD600AC4802 /* MessageView.xib */ = {isa = PBXFileReference; fileEncoding = 4; lastKnownFileType = file.xib; path = MessageView.xib; sourceTree = "<group>"; };
		43344B0C1BF602E600AC4802 /* MessageView.swift */ = {isa = PBXFileReference; fileEncoding = 4; lastKnownFileType = sourcecode.swift; path = MessageView.swift; sourceTree = "<group>"; };
		43344B241BF7470C00AC4802 /* SettingViewController.swift */ = {isa = PBXFileReference; fileEncoding = 4; lastKnownFileType = sourcecode.swift; path = SettingViewController.swift; sourceTree = "<group>"; };
		434E77771BE34B4800684C08 /* SlideMenuController.swift */ = {isa = PBXFileReference; fileEncoding = 4; lastKnownFileType = sourcecode.swift; path = SlideMenuController.swift; sourceTree = "<group>"; };
		434E778A1BE3979800684C08 /* MenuListViewController.swift */ = {isa = PBXFileReference; fileEncoding = 4; lastKnownFileType = sourcecode.swift; path = MenuListViewController.swift; sourceTree = "<group>"; };
		4361079D1BE9F4BE0094BB25 /* Detailview.swift */ = {isa = PBXFileReference; fileEncoding = 4; lastKnownFileType = sourcecode.swift; path = Detailview.swift; sourceTree = "<group>"; };
		4361079F1BE9F6500094BB25 /* mainview.swift */ = {isa = PBXFileReference; fileEncoding = 4; lastKnownFileType = sourcecode.swift; path = mainview.swift; sourceTree = "<group>"; };
		436107A11BEA06320094BB25 /* Move.xib */ = {isa = PBXFileReference; fileEncoding = 4; lastKnownFileType = file.xib; path = Move.xib; sourceTree = "<group>"; };
		436107A31BEA2A750094BB25 /* Move.swift */ = {isa = PBXFileReference; fileEncoding = 4; lastKnownFileType = sourcecode.swift; path = Move.swift; sourceTree = "<group>"; };
		436107A51BEB276D0094BB25 /* NavigationTableCell.swift */ = {isa = PBXFileReference; fileEncoding = 4; lastKnownFileType = sourcecode.swift; path = NavigationTableCell.swift; sourceTree = "<group>"; };
		436107A71BEB27890094BB25 /* NavigationTableCell.xib */ = {isa = PBXFileReference; fileEncoding = 4; lastKnownFileType = file.xib; path = NavigationTableCell.xib; sourceTree = "<group>"; };
		4373172A1BD770650018B580 /* deploynotshare.app */ = {isa = PBXFileReference; explicitFileType = wrapper.application; includeInIndex = 0; path = deploynotshare.app; sourceTree = BUILT_PRODUCTS_DIR; };
		4373172D1BD770650018B580 /* AppDelegate.swift */ = {isa = PBXFileReference; lastKnownFileType = sourcecode.swift; path = AppDelegate.swift; sourceTree = "<group>"; };
		4373172F1BD770650018B580 /* ViewController.swift */ = {isa = PBXFileReference; lastKnownFileType = sourcecode.swift; path = ViewController.swift; sourceTree = "<group>"; };
		437317341BD770660018B580 /* Assets.xcassets */ = {isa = PBXFileReference; lastKnownFileType = folder.assetcatalog; path = Assets.xcassets; sourceTree = "<group>"; };
		437317371BD770660018B580 /* Base */ = {isa = PBXFileReference; lastKnownFileType = file.storyboard; name = Base; path = Base.lproj/LaunchScreen.storyboard; sourceTree = "<group>"; };
		437317391BD770660018B580 /* Info.plist */ = {isa = PBXFileReference; lastKnownFileType = text.plist.xml; path = Info.plist; sourceTree = "<group>"; };
		4373173E1BD770660018B580 /* deploynotshareTests.xctest */ = {isa = PBXFileReference; explicitFileType = wrapper.cfbundle; includeInIndex = 0; path = deploynotshareTests.xctest; sourceTree = BUILT_PRODUCTS_DIR; };
		437317421BD770660018B580 /* deploynotshareTests.swift */ = {isa = PBXFileReference; lastKnownFileType = sourcecode.swift; path = deploynotshareTests.swift; sourceTree = "<group>"; };
		437317441BD770660018B580 /* Info.plist */ = {isa = PBXFileReference; lastKnownFileType = text.plist.xml; path = Info.plist; sourceTree = "<group>"; };
		437317491BD770660018B580 /* deploynotshareUITests.xctest */ = {isa = PBXFileReference; explicitFileType = wrapper.cfbundle; includeInIndex = 0; path = deploynotshareUITests.xctest; sourceTree = BUILT_PRODUCTS_DIR; };
		4373174D1BD770660018B580 /* deploynotshareUITests.swift */ = {isa = PBXFileReference; lastKnownFileType = sourcecode.swift; path = deploynotshareUITests.swift; sourceTree = "<group>"; };
		4373174F1BD770660018B580 /* Info.plist */ = {isa = PBXFileReference; lastKnownFileType = text.plist.xml; path = Info.plist; sourceTree = "<group>"; };
		437EF0DA1BD8CA5500B7E9BF /* cardViewController.swift */ = {isa = PBXFileReference; fileEncoding = 4; lastKnownFileType = sourcecode.swift; path = cardViewController.swift; sourceTree = "<group>"; };
		4380B34F1BDA54DF0026CED9 /* popup.swift */ = {isa = PBXFileReference; fileEncoding = 4; lastKnownFileType = sourcecode.swift; path = popup.swift; sourceTree = "<group>"; };
		4380B3511BDA590E0026CED9 /* detailViewController.swift */ = {isa = PBXFileReference; fileEncoding = 4; lastKnownFileType = sourcecode.swift; path = detailViewController.swift; sourceTree = "<group>"; };
		4389CE241BECB8E7005CF805 /* MoveToFolder.xib */ = {isa = PBXFileReference; fileEncoding = 4; lastKnownFileType = file.xib; path = MoveToFolder.xib; sourceTree = "<group>"; };
		4389CE261BECBA11005CF805 /* MoveToFolder.swift */ = {isa = PBXFileReference; fileEncoding = 4; lastKnownFileType = sourcecode.swift; path = MoveToFolder.swift; sourceTree = "<group>"; };
		4389CE281BEDDC36005CF805 /* ColorPattern.xib */ = {isa = PBXFileReference; fileEncoding = 4; lastKnownFileType = file.xib; path = ColorPattern.xib; sourceTree = "<group>"; };
		4389CE2A1BEDE136005CF805 /* ColorPattern.swift */ = {isa = PBXFileReference; fileEncoding = 4; lastKnownFileType = sourcecode.swift; path = ColorPattern.swift; sourceTree = "<group>"; };
		43921D541BE0BD940032DE28 /* SortView.xib */ = {isa = PBXFileReference; fileEncoding = 4; lastKnownFileType = file.xib; path = SortView.xib; sourceTree = "<group>"; };
		43921D561BE0C4590032DE28 /* SortView.swift */ = {isa = PBXFileReference; fileEncoding = 4; lastKnownFileType = sourcecode.swift; path = SortView.swift; sourceTree = "<group>"; };
		43921D581BE0D8260032DE28 /* ThinkViewController.swift */ = {isa = PBXFileReference; fileEncoding = 4; lastKnownFileType = sourcecode.swift; path = ThinkViewController.swift; sourceTree = "<group>"; };
		43921D5A1BE0E7DA0032DE28 /* PasswordViewController.swift */ = {isa = PBXFileReference; fileEncoding = 4; lastKnownFileType = sourcecode.swift; path = PasswordViewController.swift; sourceTree = "<group>"; };
		4395A63E1BF9A2D700EE4F10 /* SyncTableViewController.swift */ = {isa = PBXFileReference; fileEncoding = 4; lastKnownFileType = sourcecode.swift; path = SyncTableViewController.swift; sourceTree = "<group>"; };
		4395A6401BF9AEA600EE4F10 /* AboutTableViewController.swift */ = {isa = PBXFileReference; fileEncoding = 4; lastKnownFileType = sourcecode.swift; path = AboutTableViewController.swift; sourceTree = "<group>"; };
		4395A6421BF9C2F800EE4F10 /* SecurityViewController.swift */ = {isa = PBXFileReference; fileEncoding = 4; lastKnownFileType = sourcecode.swift; path = SecurityViewController.swift; sourceTree = "<group>"; };
		43A004981BE8821600396E47 /* ViewView.swift */ = {isa = PBXFileReference; fileEncoding = 4; lastKnownFileType = sourcecode.swift; path = ViewView.swift; sourceTree = "<group>"; };
		43A0049A1BE894E300396E47 /* ViewView.xib */ = {isa = PBXFileReference; fileEncoding = 4; lastKnownFileType = file.xib; path = ViewView.xib; sourceTree = "<group>"; };
		43A0049C1BE8BC8100396E47 /* DateTime.xib */ = {isa = PBXFileReference; fileEncoding = 4; lastKnownFileType = file.xib; path = DateTime.xib; sourceTree = "<group>"; };
		43BE98E51BF21D0F0006CBC4 /* ColorPaper.xib */ = {isa = PBXFileReference; fileEncoding = 4; lastKnownFileType = file.xib; path = ColorPaper.xib; sourceTree = "<group>"; };
		43BE98E71BF220DE0006CBC4 /* ColorPaper.swift */ = {isa = PBXFileReference; fileEncoding = 4; lastKnownFileType = sourcecode.swift; path = ColorPaper.swift; sourceTree = "<group>"; };
		43CB11591C107723006F3FA8 /* InsideNoteMenu.xib */ = {isa = PBXFileReference; fileEncoding = 4; lastKnownFileType = file.xib; path = InsideNoteMenu.xib; sourceTree = "<group>"; };
		43CB115C1C107C10006F3FA8 /* InsideNoteMenu.swift */ = {isa = PBXFileReference; fileEncoding = 4; lastKnownFileType = sourcecode.swift; path = InsideNoteMenu.swift; sourceTree = "<group>"; };
		43E0F2AD1BE8C5E500363F49 /* DateTime.swift */ = {isa = PBXFileReference; fileEncoding = 4; lastKnownFileType = sourcecode.swift; path = DateTime.swift; sourceTree = "<group>"; };
		43E0F2EF1BE9E61C00363F49 /* Listview.swift */ = {isa = PBXFileReference; fileEncoding = 4; lastKnownFileType = sourcecode.swift; path = Listview.swift; sourceTree = "<group>"; };
		43EFB9BC1BDE29130014EDF9 /* ListViewController.swift */ = {isa = PBXFileReference; fileEncoding = 4; lastKnownFileType = sourcecode.swift; path = ListViewController.swift; sourceTree = "<group>"; };
		43EFB9BE1BDE3D5A0014EDF9 /* ListTableViewCell.swift */ = {isa = PBXFileReference; fileEncoding = 4; lastKnownFileType = sourcecode.swift; path = ListTableViewCell.swift; sourceTree = "<group>"; };
		43F1A29C1BDBA87700F82938 /* Base */ = {isa = PBXFileReference; lastKnownFileType = file.storyboard; name = Base; path = Base.lproj/Main.storyboard; sourceTree = "<group>"; };
		57ACE2379821B0AE944A6D13 /* Pods.release.xcconfig */ = {isa = PBXFileReference; includeInIndex = 1; lastKnownFileType = text.xcconfig; name = Pods.release.xcconfig; path = "Pods/Target Support Files/Pods/Pods.release.xcconfig"; sourceTree = "<group>"; };
		782721871BFDAC8C00241D44 /* delete.png */ = {isa = PBXFileReference; lastKnownFileType = image.png; name = delete.png; path = assets/delete.png; sourceTree = "<group>"; };
		782721881BFDAC8C00241D44 /* delete@2x.png */ = {isa = PBXFileReference; lastKnownFileType = image.png; name = "delete@2x.png"; path = "assets/delete@2x.png"; sourceTree = "<group>"; };
		782721891BFDAC8C00241D44 /* delete@3x.png */ = {isa = PBXFileReference; lastKnownFileType = image.png; name = "delete@3x.png"; path = "assets/delete@3x.png"; sourceTree = "<group>"; };
		7827218A1BFDAC8C00241D44 /* lock.png */ = {isa = PBXFileReference; lastKnownFileType = image.png; name = lock.png; path = assets/lock.png; sourceTree = "<group>"; };
		7827218B1BFDAC8C00241D44 /* lock@2x.png */ = {isa = PBXFileReference; lastKnownFileType = image.png; name = "lock@2x.png"; path = "assets/lock@2x.png"; sourceTree = "<group>"; };
		7827218C1BFDAC8C00241D44 /* lock@3x.png */ = {isa = PBXFileReference; lastKnownFileType = image.png; name = "lock@3x.png"; path = "assets/lock@3x.png"; sourceTree = "<group>"; };
		7827218D1BFDAC8C00241D44 /* move.png */ = {isa = PBXFileReference; lastKnownFileType = image.png; name = move.png; path = assets/move.png; sourceTree = "<group>"; };
		7827218E1BFDAC8C00241D44 /* move@2x.png */ = {isa = PBXFileReference; lastKnownFileType = image.png; name = "move@2x.png"; path = "assets/move@2x.png"; sourceTree = "<group>"; };
		7827218F1BFDAC8C00241D44 /* move@3x.png */ = {isa = PBXFileReference; lastKnownFileType = image.png; name = "move@3x.png"; path = "assets/move@3x.png"; sourceTree = "<group>"; };
		782721901BFDAC8C00241D44 /* reminder.png */ = {isa = PBXFileReference; lastKnownFileType = image.png; name = reminder.png; path = assets/reminder.png; sourceTree = "<group>"; };
		782721911BFDAC8C00241D44 /* reminder@2x.png */ = {isa = PBXFileReference; lastKnownFileType = image.png; name = "reminder@2x.png"; path = "assets/reminder@2x.png"; sourceTree = "<group>"; };
		782721921BFDAC8C00241D44 /* reminder@3x.png */ = {isa = PBXFileReference; lastKnownFileType = image.png; name = "reminder@3x.png"; path = "assets/reminder@3x.png"; sourceTree = "<group>"; };
		782721931BFDAC8C00241D44 /* share.png */ = {isa = PBXFileReference; lastKnownFileType = image.png; name = share.png; path = assets/share.png; sourceTree = "<group>"; };
		782721941BFDAC8C00241D44 /* share@2x.png */ = {isa = PBXFileReference; lastKnownFileType = image.png; name = "share@2x.png"; path = "assets/share@2x.png"; sourceTree = "<group>"; };
		782721951BFDAC8C00241D44 /* share@3x.png */ = {isa = PBXFileReference; lastKnownFileType = image.png; name = "share@3x.png"; path = "assets/share@3x.png"; sourceTree = "<group>"; };
		782721961BFDAC8C00241D44 /* timebomb.png */ = {isa = PBXFileReference; lastKnownFileType = image.png; name = timebomb.png; path = assets/timebomb.png; sourceTree = "<group>"; };
		782721971BFDAC8C00241D44 /* timebomb@2x.png */ = {isa = PBXFileReference; lastKnownFileType = image.png; name = "timebomb@2x.png"; path = "assets/timebomb@2x.png"; sourceTree = "<group>"; };
		782721981BFDAC8C00241D44 /* timebomb@3x.png */ = {isa = PBXFileReference; lastKnownFileType = image.png; name = "timebomb@3x.png"; path = "assets/timebomb@3x.png"; sourceTree = "<group>"; };
		92B148ACB4368AC64116F570 /* Pods.debug.xcconfig */ = {isa = PBXFileReference; includeInIndex = 1; lastKnownFileType = text.xcconfig; name = Pods.debug.xcconfig; path = "Pods/Target Support Files/Pods/Pods.debug.xcconfig"; sourceTree = "<group>"; };
		B5C5E5AA73873D644F4D1844 /* Pods.framework */ = {isa = PBXFileReference; explicitFileType = wrapper.framework; includeInIndex = 0; path = Pods.framework; sourceTree = BUILT_PRODUCTS_DIR; };
/* End PBXFileReference section */

/* Begin PBXFrameworksBuildPhase section */
		437317271BD770650018B580 /* Frameworks */ = {
			isa = PBXFrameworksBuildPhase;
			buildActionMask = 2147483647;
			files = (
				36685A0A1C0DAE1100113F2D /* LocalAuthentication.framework in Frameworks */,
				36F7AE1D1BFB813B00596BBF /* FBSDKLoginKit.framework in Frameworks */,
				36F7AE1E1BFB813B00596BBF /* FBSDKCoreKit.framework in Frameworks */,
				CB6D02908480861E8104DBED /* Pods.framework in Frameworks */,
			);
			runOnlyForDeploymentPostprocessing = 0;
		};
		4373173B1BD770660018B580 /* Frameworks */ = {
			isa = PBXFrameworksBuildPhase;
			buildActionMask = 2147483647;
			files = (
			);
			runOnlyForDeploymentPostprocessing = 0;
		};
		437317461BD770660018B580 /* Frameworks */ = {
			isa = PBXFrameworksBuildPhase;
			buildActionMask = 2147483647;
			files = (
			);
			runOnlyForDeploymentPostprocessing = 0;
		};
/* End PBXFrameworksBuildPhase section */

/* Begin PBXGroup section */
		1C7BA6D68224D94EBFF5D85C /* Frameworks */ = {
			isa = PBXGroup;
			children = (
				36685A091C0DAE1100113F2D /* LocalAuthentication.framework */,
				36F7AE1B1BFB813B00596BBF /* FBSDKLoginKit.framework */,
				36F7AE1C1BFB813B00596BBF /* FBSDKCoreKit.framework */,
				B5C5E5AA73873D644F4D1844 /* Pods.framework */,
			);
			name = Frameworks;
			sourceTree = "<group>";
		};
		365A74EC1C61EA1B00DEDD15 /* Fonts */ = {
			isa = PBXGroup;
			children = (
				365A74ED1C61EA2500DEDD15 /* AgendaMedium.ttf */,
			);
			name = Fonts;
			sourceTree = "<group>";
		};
		366420301BE4BEE0003477CF /* Model */ = {
			isa = PBXGroup;
			children = (
				366420311BE4BF03003477CF /* FolderModel.swift */,
				36F1146F1BF078CC0023E2DB /* ConfigModel.swift */,
				3611B0961BE8A94200F2FFF9 /* NoteModel.swift */,
				364EA4601BF1B37A001B7161 /* NoteElementModel.swift */,
			);
			name = Model;
			sourceTree = "<group>";
		};
		36F568281C08372000CBE128 /* DeleteSection */ = {
			isa = PBXGroup;
			children = (
				36F5682A1C08373A00CBE128 /* DeleteSection.xib */,
				36F568291C08373A00CBE128 /* DeleteSection.swift */,
			);
			name = DeleteSection;
			sourceTree = "<group>";
		};
		36F568BB1C08475300CBE128 /* ElementImage */ = {
			isa = PBXGroup;
			children = (
				36F568BC1C08476400CBE128 /* ElementImage.swift */,
				36F568BE1C08540900CBE128 /* ElementImage.xib */,
			);
			name = ElementImage;
			sourceTree = "<group>";
		};
		4308BE531BDE028F009DC448 /* Controllers */ = {
			isa = PBXGroup;
			children = (
				3615ADE81C180A3B00845E7C /* ProfilePic.swift */,
				4373172F1BD770650018B580 /* ViewController.swift */,
				434E778A1BE3979800684C08 /* MenuListViewController.swift */,
				4380B34F1BDA54DF0026CED9 /* popup.swift */,
				437EF0DA1BD8CA5500B7E9BF /* cardViewController.swift */,
				3611B0921BE740BD00F2FFF9 /* TableViewController.swift */,
				43E0F2EF1BE9E61C00363F49 /* Listview.swift */,
				4361079D1BE9F4BE0094BB25 /* Detailview.swift */,
				43EFB9BC1BDE29130014EDF9 /* ListViewController.swift */,
				4361079F1BE9F6500094BB25 /* mainview.swift */,
				43921D581BE0D8260032DE28 /* ThinkViewController.swift */,
				43344AFA1BF5B42E00AC4802 /* TermsViewController.swift */,
				43344AFC1BF5B44200AC4802 /* AboutViewController.swift */,
				4395A63E1BF9A2D700EE4F10 /* SyncTableViewController.swift */,
				43344B241BF7470C00AC4802 /* SettingViewController.swift */,
				4395A6401BF9AEA600EE4F10 /* AboutTableViewController.swift */,
				43EFB9BE1BDE3D5A0014EDF9 /* ListTableViewCell.swift */,
				43921D5A1BE0E7DA0032DE28 /* PasswordViewController.swift */,
				4395A6421BF9C2F800EE4F10 /* SecurityViewController.swift */,
				4380B3511BDA590E0026CED9 /* detailViewController.swift */,
			);
			name = Controllers;
			sourceTree = "<group>";
		};
		4308BE541BDE02BF009DC448 /* Helper */ = {
			isa = PBXGroup;
			children = (
				36F114731BF08E6B0023E2DB /* Checkbox.swift */,
				36F114711BF08DD30023E2DB /* Layout.swift */,
				434E77771BE34B4800684C08 /* SlideMenuController.swift */,
				36E846A21BE48AF8004109FA /* UIViewControllerExtension.swift */,
				36F568B91C08398600CBE128 /* RichEditorNew.swift */,
			);
			name = Helper;
			sourceTree = "<group>";
		};
		4308BE551BDE02D6009DC448 /* Views */ = {
			isa = PBXGroup;
			children = (
				43F1A29B1BDBA87700F82938 /* Main.storyboard */,
				437317361BD770660018B580 /* LaunchScreen.storyboard */,
			);
			name = Views;
			sourceTree = "<group>";
		};
		43344B0E1BF735C000AC4802 /* NoteFooterAdd */ = {
			isa = PBXGroup;
			children = (
				36E416721BEB35EE007EE385 /* NoteFooterAdd.xib */,
				36E416741BEB3624007EE385 /* NoteFooterAdd.swift */,
			);
			name = NoteFooterAdd;
			sourceTree = "<group>";
		};
		43344B0F1BF735EE00AC4802 /* SortView */ = {
			isa = PBXGroup;
			children = (
				43921D541BE0BD940032DE28 /* SortView.xib */,
				43921D561BE0C4590032DE28 /* SortView.swift */,
			);
			name = SortView;
			sourceTree = "<group>";
		};
		43344B101BF7361D00AC4802 /* NoteCollectionViewCell */ = {
			isa = PBXGroup;
			children = (
				36E4166E1BEB1266007EE385 /* NoteCollectionViewCell.xib */,
				36E416701BEB12E0007EE385 /* NoteCollectionUIView.swift */,
			);
			name = NoteCollectionViewCell;
			sourceTree = "<group>";
		};
		43344B111BF7364F00AC4802 /* MoveToFolder */ = {
			isa = PBXGroup;
			children = (
				4389CE241BECB8E7005CF805 /* MoveToFolder.xib */,
				4389CE261BECBA11005CF805 /* MoveToFolder.swift */,
			);
			name = MoveToFolder;
			sourceTree = "<group>";
		};
		43344B121BF7366200AC4802 /* ViewView */ = {
			isa = PBXGroup;
			children = (
				43A0049A1BE894E300396E47 /* ViewView.xib */,
				43A004981BE8821600396E47 /* ViewView.swift */,
			);
			name = ViewView;
			sourceTree = "<group>";
		};
		43344B131BF736AB00AC4802 /* DateTime */ = {
			isa = PBXGroup;
			children = (
				43A0049C1BE8BC8100396E47 /* DateTime.xib */,
				43E0F2AD1BE8C5E500363F49 /* DateTime.swift */,
			);
			name = DateTime;
			sourceTree = "<group>";
		};
		43344B141BF736D500AC4802 /* Move */ = {
			isa = PBXGroup;
			children = (
				436107A11BEA06320094BB25 /* Move.xib */,
				436107A31BEA2A750094BB25 /* Move.swift */,
			);
			name = Move;
			sourceTree = "<group>";
		};
		43344B151BF736F200AC4802 /* ColorPattern */ = {
			isa = PBXGroup;
			children = (
				4389CE281BEDDC36005CF805 /* ColorPattern.xib */,
				4389CE2A1BEDE136005CF805 /* ColorPattern.swift */,
			);
			name = ColorPattern;
			sourceTree = "<group>";
		};
		43344B161BF7373500AC4802 /* NavigationTableCell */ = {
			isa = PBXGroup;
			children = (
				436107A71BEB27890094BB25 /* NavigationTableCell.xib */,
				436107A51BEB276D0094BB25 /* NavigationTableCell.swift */,
			);
			name = NavigationTableCell;
			sourceTree = "<group>";
		};
		43344B171BF7374100AC4802 /* AddCircle */ = {
			isa = PBXGroup;
			children = (
				36E416761BEB6C9C007EE385 /* AddCircle.xib */,
				36E416781BEB6D18007EE385 /* AddCircle.swift */,
			);
			name = AddCircle;
			sourceTree = "<group>";
		};
		43344B181BF7375600AC4802 /* ElementRecording */ = {
			isa = PBXGroup;
			children = (
				364EA4641BF20FC6001B7161 /* ElementRecording.xib */,
				364EA4621BF20F70001B7161 /* ElementRecording.swift */,
			);
			name = ElementRecording;
			sourceTree = "<group>";
		};
		43344B191BF7376400AC4802 /* DetailViewFooterMain */ = {
			isa = PBXGroup;
			children = (
				36F114751BF0B6310023E2DB /* DetailViewFooterMain.xib */,
				36F114791BF0BA770023E2DB /* DetailViewFooterMain.swift */,
			);
			name = DetailViewFooterMain;
			sourceTree = "<group>";
		};
		43344B1A1BF7376C00AC4802 /* ElementSketch */ = {
			isa = PBXGroup;
			children = (
				36344E701BF32EAC0053EDCD /* ElementSketch.xib */,
				36344E6E1BF32D980053EDCD /* ElementSketch.swift */,
			);
			name = ElementSketch;
			sourceTree = "<group>";
		};
		43344B1B1BF7378800AC4802 /* ElementSketchFooter */ = {
			isa = PBXGroup;
			children = (
				36344E721BF33B2F0053EDCD /* ElementSketchFooter.xib */,
				36344E741BF3A5F10053EDCD /* ElementSketchFooter.swift */,
			);
			name = ElementSketchFooter;
			sourceTree = "<group>";
		};
		43344B1C1BF7379200AC4802 /* ElementCheckBox */ = {
			isa = PBXGroup;
			children = (
				36F1147B1BF0F8990023E2DB /* ElementCheckBox.xib */,
				36F1147D1BF0F8B10023E2DB /* ElementCheckBox.swift */,
			);
			name = ElementCheckBox;
			sourceTree = "<group>";
		};
		43344B1D1BF7379C00AC4802 /* HighlighterView */ = {
			isa = PBXGroup;
			children = (
				43344AFE1BF5BC9000AC4802 /* HighlighterView.xib */,
				43344B001BF5BC9A00AC4802 /* HighlighterView.swift */,
			);
			name = HighlighterView;
			sourceTree = "<group>";
		};
		43344B1E1BF737A700AC4802 /* BrushView */ = {
			isa = PBXGroup;
			children = (
				43344B021BF5BCDA00AC4802 /* BrushView.xib */,
				43344B061BF5D77A00AC4802 /* BrushView.swift */,
			);
			name = BrushView;
			sourceTree = "<group>";
		};
		43344B1F1BF737B300AC4802 /* EraserView */ = {
			isa = PBXGroup;
			children = (
				43344B041BF5BCE600AC4802 /* EraserView.xib */,
				43344B081BF5D8F500AC4802 /* EraserView.swift */,
			);
			name = EraserView;
			sourceTree = "<group>";
		};
		43344B201BF737BF00AC4802 /* ColorPaper */ = {
			isa = PBXGroup;
			children = (
				43BE98E51BF21D0F0006CBC4 /* ColorPaper.xib */,
				43BE98E71BF220DE0006CBC4 /* ColorPaper.swift */,
			);
			name = ColorPaper;
			sourceTree = "<group>";
		};
		43344B211BF737CC00AC4802 /* MessageView */ = {
			isa = PBXGroup;
			children = (
				43344B0C1BF602E600AC4802 /* MessageView.swift */,
				43344B0A1BF5FFD600AC4802 /* MessageView.xib */,
			);
			name = MessageView;
			sourceTree = "<group>";
		};
		437317211BD770650018B580 = {
			isa = PBXGroup;
			children = (
				4373172C1BD770650018B580 /* deploynotshare */,
				437317411BD770660018B580 /* deploynotshareTests */,
				4373174C1BD770660018B580 /* deploynotshareUITests */,
				4373172B1BD770650018B580 /* Products */,
				5F46D2BCB893B2939D69A731 /* Pods */,
				1C7BA6D68224D94EBFF5D85C /* Frameworks */,
			);
			sourceTree = "<group>";
		};
		4373172B1BD770650018B580 /* Products */ = {
			isa = PBXGroup;
			children = (
				4373172A1BD770650018B580 /* deploynotshare.app */,
				4373173E1BD770660018B580 /* deploynotshareTests.xctest */,
				437317491BD770660018B580 /* deploynotshareUITests.xctest */,
			);
			name = Products;
			sourceTree = "<group>";
		};
		4373172C1BD770650018B580 /* deploynotshare */ = {
			isa = PBXGroup;
			children = (
				4373172D1BD770650018B580 /* AppDelegate.swift */,
				365A74EC1C61EA1B00DEDD15 /* Fonts */,
				4308BE541BDE02BF009DC448 /* Helper */,
				4308BE531BDE028F009DC448 /* Controllers */,
				437317341BD770660018B580 /* Assets.xcassets */,
				782721861BFDAC5D00241D44 /* assets */,
				366420301BE4BEE0003477CF /* Model */,
				43921D531BE0BD300032DE28 /* UIViews */,
				4308BE551BDE02D6009DC448 /* Views */,
				437317391BD770660018B580 /* Info.plist */,
				366CE6001BFE6F550002A0C7 /* GoogleService-Info.plist */,
			);
			path = deploynotshare;
			sourceTree = "<group>";
		};
		437317411BD770660018B580 /* deploynotshareTests */ = {
			isa = PBXGroup;
			children = (
				437317421BD770660018B580 /* deploynotshareTests.swift */,
				437317441BD770660018B580 /* Info.plist */,
			);
			path = deploynotshareTests;
			sourceTree = "<group>";
		};
		4373174C1BD770660018B580 /* deploynotshareUITests */ = {
			isa = PBXGroup;
			children = (
				4373174D1BD770660018B580 /* deploynotshareUITests.swift */,
				4373174F1BD770660018B580 /* Info.plist */,
			);
			path = deploynotshareUITests;
			sourceTree = "<group>";
		};
		43921D531BE0BD300032DE28 /* UIViews */ = {
			isa = PBXGroup;
			children = (
				43CB115B1C107744006F3FA8 /* InsideNoteMenu */,
				36F568BB1C08475300CBE128 /* ElementImage */,
				36F568281C08372000CBE128 /* DeleteSection */,
				43344B101BF7361D00AC4802 /* NoteCollectionViewCell */,
				43344B0E1BF735C000AC4802 /* NoteFooterAdd */,
				43344B0F1BF735EE00AC4802 /* SortView */,
				43344B141BF736D500AC4802 /* Move */,
				43344B121BF7366200AC4802 /* ViewView */,
				43344B131BF736AB00AC4802 /* DateTime */,
				43344B111BF7364F00AC4802 /* MoveToFolder */,
				43344B151BF736F200AC4802 /* ColorPattern */,
				43344B161BF7373500AC4802 /* NavigationTableCell */,
				43344B171BF7374100AC4802 /* AddCircle */,
				43344B181BF7375600AC4802 /* ElementRecording */,
				43344B191BF7376400AC4802 /* DetailViewFooterMain */,
				43344B1A1BF7376C00AC4802 /* ElementSketch */,
				43344B1B1BF7378800AC4802 /* ElementSketchFooter */,
				43344B1C1BF7379200AC4802 /* ElementCheckBox */,
				43344B1D1BF7379C00AC4802 /* HighlighterView */,
				43344B1E1BF737A700AC4802 /* BrushView */,
				43344B1F1BF737B300AC4802 /* EraserView */,
				43344B201BF737BF00AC4802 /* ColorPaper */,
				43344B211BF737CC00AC4802 /* MessageView */,
			);
			name = UIViews;
			sourceTree = "<group>";
		};
		43CB115B1C107744006F3FA8 /* InsideNoteMenu */ = {
			isa = PBXGroup;
			children = (
				43CB11591C107723006F3FA8 /* InsideNoteMenu.xib */,
				43CB115C1C107C10006F3FA8 /* InsideNoteMenu.swift */,
			);
			name = InsideNoteMenu;
			sourceTree = "<group>";
		};
		5F46D2BCB893B2939D69A731 /* Pods */ = {
			isa = PBXGroup;
			children = (
				92B148ACB4368AC64116F570 /* Pods.debug.xcconfig */,
				57ACE2379821B0AE944A6D13 /* Pods.release.xcconfig */,
			);
			name = Pods;
			sourceTree = "<group>";
		};
		782721861BFDAC5D00241D44 /* assets */ = {
			isa = PBXGroup;
			children = (
				782721871BFDAC8C00241D44 /* delete.png */,
				782721881BFDAC8C00241D44 /* delete@2x.png */,
				782721891BFDAC8C00241D44 /* delete@3x.png */,
				7827218A1BFDAC8C00241D44 /* lock.png */,
				7827218B1BFDAC8C00241D44 /* lock@2x.png */,
				7827218C1BFDAC8C00241D44 /* lock@3x.png */,
				7827218D1BFDAC8C00241D44 /* move.png */,
				7827218E1BFDAC8C00241D44 /* move@2x.png */,
				7827218F1BFDAC8C00241D44 /* move@3x.png */,
				782721901BFDAC8C00241D44 /* reminder.png */,
				782721911BFDAC8C00241D44 /* reminder@2x.png */,
				782721921BFDAC8C00241D44 /* reminder@3x.png */,
				782721931BFDAC8C00241D44 /* share.png */,
				782721941BFDAC8C00241D44 /* share@2x.png */,
				782721951BFDAC8C00241D44 /* share@3x.png */,
				782721961BFDAC8C00241D44 /* timebomb.png */,
				782721971BFDAC8C00241D44 /* timebomb@2x.png */,
				782721981BFDAC8C00241D44 /* timebomb@3x.png */,
			);
			name = assets;
			sourceTree = "<group>";
		};
/* End PBXGroup section */

/* Begin PBXNativeTarget section */
		437317291BD770650018B580 /* deploynotshare */ = {
			isa = PBXNativeTarget;
			buildConfigurationList = 437317521BD770660018B580 /* Build configuration list for PBXNativeTarget "deploynotshare" */;
			buildPhases = (
				505C0E9569D600D1CE63C535 /* Check Pods Manifest.lock */,
				437317261BD770650018B580 /* Sources */,
				437317271BD770650018B580 /* Frameworks */,
				437317281BD770650018B580 /* Resources */,
				122D3C25C3A711FEB7CA7625 /* Embed Pods Frameworks */,
				36484BB1E1C30FBB0A7EA7C2 /* Copy Pods Resources */,
			);
			buildRules = (
			);
			dependencies = (
			);
			name = deploynotshare;
			productName = deploynotshare;
			productReference = 4373172A1BD770650018B580 /* deploynotshare.app */;
			productType = "com.apple.product-type.application";
		};
		4373173D1BD770660018B580 /* deploynotshareTests */ = {
			isa = PBXNativeTarget;
			buildConfigurationList = 437317551BD770660018B580 /* Build configuration list for PBXNativeTarget "deploynotshareTests" */;
			buildPhases = (
				4373173A1BD770660018B580 /* Sources */,
				4373173B1BD770660018B580 /* Frameworks */,
				4373173C1BD770660018B580 /* Resources */,
			);
			buildRules = (
			);
			dependencies = (
				437317401BD770660018B580 /* PBXTargetDependency */,
			);
			name = deploynotshareTests;
			productName = deploynotshareTests;
			productReference = 4373173E1BD770660018B580 /* deploynotshareTests.xctest */;
			productType = "com.apple.product-type.bundle.unit-test";
		};
		437317481BD770660018B580 /* deploynotshareUITests */ = {
			isa = PBXNativeTarget;
			buildConfigurationList = 437317581BD770660018B580 /* Build configuration list for PBXNativeTarget "deploynotshareUITests" */;
			buildPhases = (
				437317451BD770660018B580 /* Sources */,
				437317461BD770660018B580 /* Frameworks */,
				437317471BD770660018B580 /* Resources */,
			);
			buildRules = (
			);
			dependencies = (
				4373174B1BD770660018B580 /* PBXTargetDependency */,
			);
			name = deploynotshareUITests;
			productName = deploynotshareUITests;
			productReference = 437317491BD770660018B580 /* deploynotshareUITests.xctest */;
			productType = "com.apple.product-type.bundle.ui-testing";
		};
/* End PBXNativeTarget section */

/* Begin PBXProject section */
		437317221BD770650018B580 /* Project object */ = {
			isa = PBXProject;
			attributes = {
				LastUpgradeCheck = 0700;
				ORGANIZATIONNAME = Wohlig;
				TargetAttributes = {
					437317291BD770650018B580 = {
						CreatedOnToolsVersion = 7.0;
					};
					4373173D1BD770660018B580 = {
						CreatedOnToolsVersion = 7.0;
						TestTargetID = 437317291BD770650018B580;
					};
					437317481BD770660018B580 = {
						CreatedOnToolsVersion = 7.0;
						TestTargetID = 437317291BD770650018B580;
					};
				};
			};
			buildConfigurationList = 437317251BD770650018B580 /* Build configuration list for PBXProject "deploynotshare" */;
			compatibilityVersion = "Xcode 3.2";
			developmentRegion = English;
			hasScannedForEncodings = 0;
			knownRegions = (
				en,
				Base,
			);
			mainGroup = 437317211BD770650018B580;
			productRefGroup = 4373172B1BD770650018B580 /* Products */;
			projectDirPath = "";
			projectRoot = "";
			targets = (
				437317291BD770650018B580 /* deploynotshare */,
				4373173D1BD770660018B580 /* deploynotshareTests */,
				437317481BD770660018B580 /* deploynotshareUITests */,
			);
		};
/* End PBXProject section */

/* Begin PBXResourcesBuildPhase section */
		437317281BD770650018B580 /* Resources */ = {
			isa = PBXResourcesBuildPhase;
			buildActionMask = 2147483647;
			files = (
				365A74F01C61EB9600DEDD15 /* AgendaMedium.ttf in Resources */,
				782721A11BFDAC8C00241D44 /* move@3x.png in Resources */,
				782721991BFDAC8C00241D44 /* delete.png in Resources */,
				7827219A1BFDAC8C00241D44 /* delete@2x.png in Resources */,
				7827219C1BFDAC8C00241D44 /* lock.png in Resources */,
				364EA4651BF20FC6001B7161 /* ElementRecording.xib in Resources */,
				36E416731BEB35EE007EE385 /* NoteFooterAdd.xib in Resources */,
				7827219B1BFDAC8C00241D44 /* delete@3x.png in Resources */,
				36344E711BF32EAC0053EDCD /* ElementSketch.xib in Resources */,
				36344E731BF33B2F0053EDCD /* ElementSketchFooter.xib in Resources */,
				43921D551BE0BD940032DE28 /* SortView.xib in Resources */,
				782721A31BFDAC8C00241D44 /* reminder@2x.png in Resources */,
				7827219E1BFDAC8C00241D44 /* lock@3x.png in Resources */,
				436107A81BEB27890094BB25 /* NavigationTableCell.xib in Resources */,
				36E416771BEB6C9C007EE385 /* AddCircle.xib in Resources */,
				43BE98E61BF21D0F0006CBC4 /* ColorPaper.xib in Resources */,
				782721A01BFDAC8C00241D44 /* move@2x.png in Resources */,
				43344AFF1BF5BC9000AC4802 /* HighlighterView.xib in Resources */,
				43F1A29D1BDBA87700F82938 /* Main.storyboard in Resources */,
				782721A21BFDAC8C00241D44 /* reminder.png in Resources */,
				782721A51BFDAC8C00241D44 /* share.png in Resources */,
				43344B031BF5BCDA00AC4802 /* BrushView.xib in Resources */,
				43344B0B1BF5FFD600AC4802 /* MessageView.xib in Resources */,
				36F568BF1C08540900CBE128 /* ElementImage.xib in Resources */,
				782721A41BFDAC8C00241D44 /* reminder@3x.png in Resources */,
				782721AA1BFDAC8C00241D44 /* timebomb@3x.png in Resources */,
				43344B051BF5BCE600AC4802 /* EraserView.xib in Resources */,
				43CB115A1C107723006F3FA8 /* InsideNoteMenu.xib in Resources */,
				36F1147C1BF0F8990023E2DB /* ElementCheckBox.xib in Resources */,
				782721A71BFDAC8C00241D44 /* share@3x.png in Resources */,
				436107A21BEA06320094BB25 /* Move.xib in Resources */,
				782721A91BFDAC8C00241D44 /* timebomb@2x.png in Resources */,
				36F5682C1C08373A00CBE128 /* DeleteSection.xib in Resources */,
				437317381BD770660018B580 /* LaunchScreen.storyboard in Resources */,
				43A0049B1BE894E300396E47 /* ViewView.xib in Resources */,
				7827219D1BFDAC8C00241D44 /* lock@2x.png in Resources */,
				4389CE291BEDDC36005CF805 /* ColorPattern.xib in Resources */,
				437317351BD770660018B580 /* Assets.xcassets in Resources */,
				36F114761BF0B6310023E2DB /* DetailViewFooterMain.xib in Resources */,
				7827219F1BFDAC8C00241D44 /* move.png in Resources */,
				782721A81BFDAC8C00241D44 /* timebomb.png in Resources */,
				43A0049D1BE8BC8100396E47 /* DateTime.xib in Resources */,
				782721A61BFDAC8C00241D44 /* share@2x.png in Resources */,
				36E4166F1BEB1266007EE385 /* NoteCollectionViewCell.xib in Resources */,
				4389CE251BECB8E7005CF805 /* MoveToFolder.xib in Resources */,
				366CE6011BFE6F550002A0C7 /* GoogleService-Info.plist in Resources */,
			);
			runOnlyForDeploymentPostprocessing = 0;
		};
		4373173C1BD770660018B580 /* Resources */ = {
			isa = PBXResourcesBuildPhase;
			buildActionMask = 2147483647;
			files = (
			);
			runOnlyForDeploymentPostprocessing = 0;
		};
		437317471BD770660018B580 /* Resources */ = {
			isa = PBXResourcesBuildPhase;
			buildActionMask = 2147483647;
			files = (
			);
			runOnlyForDeploymentPostprocessing = 0;
		};
/* End PBXResourcesBuildPhase section */

/* Begin PBXShellScriptBuildPhase section */
		122D3C25C3A711FEB7CA7625 /* Embed Pods Frameworks */ = {
			isa = PBXShellScriptBuildPhase;
			buildActionMask = 2147483647;
			files = (
			);
			inputPaths = (
			);
			name = "Embed Pods Frameworks";
			outputPaths = (
			);
			runOnlyForDeploymentPostprocessing = 0;
			shellPath = /bin/sh;
			shellScript = "\"${SRCROOT}/Pods/Target Support Files/Pods/Pods-frameworks.sh\"\n";
			showEnvVarsInLog = 0;
		};
		36484BB1E1C30FBB0A7EA7C2 /* Copy Pods Resources */ = {
			isa = PBXShellScriptBuildPhase;
			buildActionMask = 2147483647;
			files = (
			);
			inputPaths = (
			);
			name = "Copy Pods Resources";
			outputPaths = (
			);
			runOnlyForDeploymentPostprocessing = 0;
			shellPath = /bin/sh;
			shellScript = "\"${SRCROOT}/Pods/Target Support Files/Pods/Pods-resources.sh\"\n";
			showEnvVarsInLog = 0;
		};
		505C0E9569D600D1CE63C535 /* Check Pods Manifest.lock */ = {
			isa = PBXShellScriptBuildPhase;
			buildActionMask = 2147483647;
			files = (
			);
			inputPaths = (
			);
			name = "Check Pods Manifest.lock";
			outputPaths = (
			);
			runOnlyForDeploymentPostprocessing = 0;
			shellPath = /bin/sh;
			shellScript = "diff \"${PODS_ROOT}/../Podfile.lock\" \"${PODS_ROOT}/Manifest.lock\" > /dev/null\nif [[ $? != 0 ]] ; then\n    cat << EOM\nerror: The sandbox is not in sync with the Podfile.lock. Run 'pod install' or update your CocoaPods installation.\nEOM\n    exit 1\nfi\n";
			showEnvVarsInLog = 0;
		};
/* End PBXShellScriptBuildPhase section */

/* Begin PBXSourcesBuildPhase section */
		437317261BD770650018B580 /* Sources */ = {
			isa = PBXSourcesBuildPhase;
			buildActionMask = 2147483647;
			files = (
				43344B071BF5D77A00AC4802 /* BrushView.swift in Sources */,
				43E0F2AE1BE8C5E500363F49 /* DateTime.swift in Sources */,
				437317301BD770650018B580 /* ViewController.swift in Sources */,
				436107A61BEB276D0094BB25 /* NavigationTableCell.swift in Sources */,
				36F1147E1BF0F8B10023E2DB /* ElementCheckBox.swift in Sources */,
				3611B0971BE8A94200F2FFF9 /* NoteModel.swift in Sources */,
				437EF0DB1BD8CA5500B7E9BF /* cardViewController.swift in Sources */,
				36F114721BF08DD30023E2DB /* Layout.swift in Sources */,
				3611B0931BE740BD00F2FFF9 /* TableViewController.swift in Sources */,
				36E846A31BE48AF8004109FA /* UIViewControllerExtension.swift in Sources */,
				4395A6431BF9C2F800EE4F10 /* SecurityViewController.swift in Sources */,
				36F114701BF078CC0023E2DB /* ConfigModel.swift in Sources */,
				4395A6411BF9AEA600EE4F10 /* AboutTableViewController.swift in Sources */,
				43BE98E81BF220DE0006CBC4 /* ColorPaper.swift in Sources */,
				434E77781BE34B4800684C08 /* SlideMenuController.swift in Sources */,
				43921D571BE0C4590032DE28 /* SortView.swift in Sources */,
				4395A63F1BF9A2D800EE4F10 /* SyncTableViewController.swift in Sources */,
				4361079E1BE9F4BE0094BB25 /* Detailview.swift in Sources */,
				43344AFB1BF5B42E00AC4802 /* TermsViewController.swift in Sources */,
				36F5682B1C08373A00CBE128 /* DeleteSection.swift in Sources */,
				36F1147A1BF0BA770023E2DB /* DetailViewFooterMain.swift in Sources */,
				43921D5B1BE0E7DA0032DE28 /* PasswordViewController.swift in Sources */,
				4389CE2B1BEDE136005CF805 /* ColorPattern.swift in Sources */,
				4380B3501BDA54DF0026CED9 /* popup.swift in Sources */,
				364EA4611BF1B37A001B7161 /* NoteElementModel.swift in Sources */,
				36E416791BEB6D18007EE385 /* AddCircle.swift in Sources */,
				434E778B1BE3979800684C08 /* MenuListViewController.swift in Sources */,
				43EFB9BF1BDE3D5A0014EDF9 /* ListTableViewCell.swift in Sources */,
				436107A41BEA2A750094BB25 /* Move.swift in Sources */,
				36E416711BEB12E0007EE385 /* NoteCollectionUIView.swift in Sources */,
				364EA4631BF20F70001B7161 /* ElementRecording.swift in Sources */,
				43E0F2F01BE9E61C00363F49 /* Listview.swift in Sources */,
				4380B3521BDA590E0026CED9 /* detailViewController.swift in Sources */,
				4389CE271BECBA12005CF805 /* MoveToFolder.swift in Sources */,
				436107A01BE9F6500094BB25 /* mainview.swift in Sources */,
				36344E751BF3A5F10053EDCD /* ElementSketchFooter.swift in Sources */,
				36E416751BEB3624007EE385 /* NoteFooterAdd.swift in Sources */,
				43344B011BF5BC9A00AC4802 /* HighlighterView.swift in Sources */,
				36F114741BF08E6B0023E2DB /* Checkbox.swift in Sources */,
				366420321BE4BF03003477CF /* FolderModel.swift in Sources */,
				43344B091BF5D8F500AC4802 /* EraserView.swift in Sources */,
				43344AFD1BF5B44200AC4802 /* AboutViewController.swift in Sources */,
				43EFB9BD1BDE29130014EDF9 /* ListViewController.swift in Sources */,
				43344B0D1BF602E600AC4802 /* MessageView.swift in Sources */,
				43921D591BE0D8260032DE28 /* ThinkViewController.swift in Sources */,
				36F568BA1C08398600CBE128 /* RichEditorNew.swift in Sources */,
				43344B251BF7470C00AC4802 /* SettingViewController.swift in Sources */,
				36344E6F1BF32D980053EDCD /* ElementSketch.swift in Sources */,
				4373172E1BD770650018B580 /* AppDelegate.swift in Sources */,
				36F568BD1C08476400CBE128 /* ElementImage.swift in Sources */,
				3615ADE91C180A3B00845E7C /* ProfilePic.swift in Sources */,
				43CB115D1C107C10006F3FA8 /* InsideNoteMenu.swift in Sources */,
				43A004991BE8821600396E47 /* ViewView.swift in Sources */,
			);
			runOnlyForDeploymentPostprocessing = 0;
		};
		4373173A1BD770660018B580 /* Sources */ = {
			isa = PBXSourcesBuildPhase;
			buildActionMask = 2147483647;
			files = (
				437317431BD770660018B580 /* deploynotshareTests.swift in Sources */,
			);
			runOnlyForDeploymentPostprocessing = 0;
		};
		437317451BD770660018B580 /* Sources */ = {
			isa = PBXSourcesBuildPhase;
			buildActionMask = 2147483647;
			files = (
				4373174E1BD770660018B580 /* deploynotshareUITests.swift in Sources */,
			);
			runOnlyForDeploymentPostprocessing = 0;
		};
/* End PBXSourcesBuildPhase section */

/* Begin PBXTargetDependency section */
		437317401BD770660018B580 /* PBXTargetDependency */ = {
			isa = PBXTargetDependency;
			target = 437317291BD770650018B580 /* deploynotshare */;
			targetProxy = 4373173F1BD770660018B580 /* PBXContainerItemProxy */;
		};
		4373174B1BD770660018B580 /* PBXTargetDependency */ = {
			isa = PBXTargetDependency;
			target = 437317291BD770650018B580 /* deploynotshare */;
			targetProxy = 4373174A1BD770660018B580 /* PBXContainerItemProxy */;
		};
/* End PBXTargetDependency section */

/* Begin PBXVariantGroup section */
		437317361BD770660018B580 /* LaunchScreen.storyboard */ = {
			isa = PBXVariantGroup;
			children = (
				437317371BD770660018B580 /* Base */,
			);
			name = LaunchScreen.storyboard;
			sourceTree = "<group>";
		};
		43F1A29B1BDBA87700F82938 /* Main.storyboard */ = {
			isa = PBXVariantGroup;
			children = (
				43F1A29C1BDBA87700F82938 /* Base */,
			);
			name = Main.storyboard;
			sourceTree = "<group>";
		};
/* End PBXVariantGroup section */

/* Begin XCBuildConfiguration section */
		437317501BD770660018B580 /* Debug */ = {
			isa = XCBuildConfiguration;
			buildSettings = {
				ALWAYS_SEARCH_USER_PATHS = NO;
				CLANG_CXX_LANGUAGE_STANDARD = "gnu++0x";
				CLANG_CXX_LIBRARY = "libc++";
				CLANG_ENABLE_MODULES = YES;
				CLANG_ENABLE_OBJC_ARC = YES;
				CLANG_WARN_BOOL_CONVERSION = YES;
				CLANG_WARN_CONSTANT_CONVERSION = YES;
				CLANG_WARN_DIRECT_OBJC_ISA_USAGE = YES_ERROR;
				CLANG_WARN_EMPTY_BODY = YES;
				CLANG_WARN_ENUM_CONVERSION = YES;
				CLANG_WARN_INT_CONVERSION = YES;
				CLANG_WARN_OBJC_ROOT_CLASS = YES_ERROR;
				CLANG_WARN_UNREACHABLE_CODE = YES;
				CLANG_WARN__DUPLICATE_METHOD_MATCH = YES;
				"CODE_SIGN_IDENTITY[sdk=iphoneos*]" = "iPhone Developer";
				COPY_PHASE_STRIP = NO;
				DEBUG_INFORMATION_FORMAT = dwarf;
				ENABLE_STRICT_OBJC_MSGSEND = YES;
				ENABLE_TESTABILITY = YES;
				GCC_C_LANGUAGE_STANDARD = gnu99;
				GCC_DYNAMIC_NO_PIC = NO;
				GCC_NO_COMMON_BLOCKS = YES;
				GCC_OPTIMIZATION_LEVEL = 0;
				GCC_PREPROCESSOR_DEFINITIONS = (
					"DEBUG=1",
					"$(inherited)",
				);
				GCC_WARN_64_TO_32_BIT_CONVERSION = YES;
				GCC_WARN_ABOUT_RETURN_TYPE = YES_ERROR;
				GCC_WARN_UNDECLARED_SELECTOR = YES;
				GCC_WARN_UNINITIALIZED_AUTOS = YES_AGGRESSIVE;
				GCC_WARN_UNUSED_FUNCTION = YES;
				GCC_WARN_UNUSED_VARIABLE = YES;
				IPHONEOS_DEPLOYMENT_TARGET = 9.0;
				MTL_ENABLE_DEBUG_INFO = YES;
				ONLY_ACTIVE_ARCH = YES;
				SDKROOT = iphoneos;
				SWIFT_OPTIMIZATION_LEVEL = "-Onone";
			};
			name = Debug;
		};
		437317511BD770660018B580 /* Release */ = {
			isa = XCBuildConfiguration;
			buildSettings = {
				ALWAYS_SEARCH_USER_PATHS = NO;
				CLANG_CXX_LANGUAGE_STANDARD = "gnu++0x";
				CLANG_CXX_LIBRARY = "libc++";
				CLANG_ENABLE_MODULES = YES;
				CLANG_ENABLE_OBJC_ARC = YES;
				CLANG_WARN_BOOL_CONVERSION = YES;
				CLANG_WARN_CONSTANT_CONVERSION = YES;
				CLANG_WARN_DIRECT_OBJC_ISA_USAGE = YES_ERROR;
				CLANG_WARN_EMPTY_BODY = YES;
				CLANG_WARN_ENUM_CONVERSION = YES;
				CLANG_WARN_INT_CONVERSION = YES;
				CLANG_WARN_OBJC_ROOT_CLASS = YES_ERROR;
				CLANG_WARN_UNREACHABLE_CODE = YES;
				CLANG_WARN__DUPLICATE_METHOD_MATCH = YES;
				"CODE_SIGN_IDENTITY[sdk=iphoneos*]" = "iPhone Developer";
				COPY_PHASE_STRIP = NO;
				DEBUG_INFORMATION_FORMAT = "dwarf-with-dsym";
				ENABLE_NS_ASSERTIONS = NO;
				ENABLE_STRICT_OBJC_MSGSEND = YES;
				GCC_C_LANGUAGE_STANDARD = gnu99;
				GCC_NO_COMMON_BLOCKS = YES;
				GCC_WARN_64_TO_32_BIT_CONVERSION = YES;
				GCC_WARN_ABOUT_RETURN_TYPE = YES_ERROR;
				GCC_WARN_UNDECLARED_SELECTOR = YES;
				GCC_WARN_UNINITIALIZED_AUTOS = YES_AGGRESSIVE;
				GCC_WARN_UNUSED_FUNCTION = YES;
				GCC_WARN_UNUSED_VARIABLE = YES;
				IPHONEOS_DEPLOYMENT_TARGET = 9.0;
				MTL_ENABLE_DEBUG_INFO = NO;
				SDKROOT = iphoneos;
				VALIDATE_PRODUCT = YES;
			};
			name = Release;
		};
		437317531BD770660018B580 /* Debug */ = {
			isa = XCBuildConfiguration;
			baseConfigurationReference = 92B148ACB4368AC64116F570 /* Pods.debug.xcconfig */;
			buildSettings = {
				ASSETCATALOG_COMPILER_APPICON_NAME = AppIcon;
				ENABLE_BITCODE = NO;
				FRAMEWORK_SEARCH_PATHS = (
					"$(inherited)",
					"$(PROJECT_DIR)",
				);
				INFOPLIST_FILE = deploynotshare/Info.plist;
				LD_RUNPATH_SEARCH_PATHS = "$(inherited) @executable_path/Frameworks";
				PRODUCT_BUNDLE_IDENTIFIER = com.wohlig.deploynotshare;
				PRODUCT_NAME = "$(TARGET_NAME)";
			};
			name = Debug;
		};
		437317541BD770660018B580 /* Release */ = {
			isa = XCBuildConfiguration;
			baseConfigurationReference = 57ACE2379821B0AE944A6D13 /* Pods.release.xcconfig */;
			buildSettings = {
				ASSETCATALOG_COMPILER_APPICON_NAME = AppIcon;
				ENABLE_BITCODE = NO;
				FRAMEWORK_SEARCH_PATHS = (
					"$(inherited)",
					"$(PROJECT_DIR)",
				);
				INFOPLIST_FILE = deploynotshare/Info.plist;
				LD_RUNPATH_SEARCH_PATHS = "$(inherited) @executable_path/Frameworks";
				PRODUCT_BUNDLE_IDENTIFIER = com.wohlig.deploynotshare;
				PRODUCT_NAME = "$(TARGET_NAME)";
			};
			name = Release;
		};
		437317561BD770660018B580 /* Debug */ = {
			isa = XCBuildConfiguration;
			buildSettings = {
				BUNDLE_LOADER = "$(TEST_HOST)";
				INFOPLIST_FILE = deploynotshareTests/Info.plist;
				LD_RUNPATH_SEARCH_PATHS = "$(inherited) @executable_path/Frameworks @loader_path/Frameworks";
				PRODUCT_BUNDLE_IDENTIFIER = com.wohlig.deploynotshareTests;
				PRODUCT_NAME = "$(TARGET_NAME)";
				TEST_HOST = "$(BUILT_PRODUCTS_DIR)/deploynotshare.app/deploynotshare";
			};
			name = Debug;
		};
		437317571BD770660018B580 /* Release */ = {
			isa = XCBuildConfiguration;
			buildSettings = {
				BUNDLE_LOADER = "$(TEST_HOST)";
				INFOPLIST_FILE = deploynotshareTests/Info.plist;
				LD_RUNPATH_SEARCH_PATHS = "$(inherited) @executable_path/Frameworks @loader_path/Frameworks";
				PRODUCT_BUNDLE_IDENTIFIER = com.wohlig.deploynotshareTests;
				PRODUCT_NAME = "$(TARGET_NAME)";
				TEST_HOST = "$(BUILT_PRODUCTS_DIR)/deploynotshare.app/deploynotshare";
			};
			name = Release;
		};
		437317591BD770660018B580 /* Debug */ = {
			isa = XCBuildConfiguration;
			buildSettings = {
				INFOPLIST_FILE = deploynotshareUITests/Info.plist;
				LD_RUNPATH_SEARCH_PATHS = "$(inherited) @executable_path/Frameworks @loader_path/Frameworks";
				PRODUCT_BUNDLE_IDENTIFIER = com.wohlig.deploynotshareUITests;
				PRODUCT_NAME = "$(TARGET_NAME)";
				TEST_TARGET_NAME = deploynotshare;
				USES_XCTRUNNER = YES;
			};
			name = Debug;
		};
		4373175A1BD770660018B580 /* Release */ = {
			isa = XCBuildConfiguration;
			buildSettings = {
				INFOPLIST_FILE = deploynotshareUITests/Info.plist;
				LD_RUNPATH_SEARCH_PATHS = "$(inherited) @executable_path/Frameworks @loader_path/Frameworks";
				PRODUCT_BUNDLE_IDENTIFIER = com.wohlig.deploynotshareUITests;
				PRODUCT_NAME = "$(TARGET_NAME)";
				TEST_TARGET_NAME = deploynotshare;
				USES_XCTRUNNER = YES;
			};
			name = Release;
		};
/* End XCBuildConfiguration section */

/* Begin XCConfigurationList section */
		437317251BD770650018B580 /* Build configuration list for PBXProject "deploynotshare" */ = {
			isa = XCConfigurationList;
			buildConfigurations = (
				437317501BD770660018B580 /* Debug */,
				437317511BD770660018B580 /* Release */,
			);
			defaultConfigurationIsVisible = 0;
			defaultConfigurationName = Release;
		};
		437317521BD770660018B580 /* Build configuration list for PBXNativeTarget "deploynotshare" */ = {
			isa = XCConfigurationList;
			buildConfigurations = (
				437317531BD770660018B580 /* Debug */,
				437317541BD770660018B580 /* Release */,
			);
			defaultConfigurationIsVisible = 0;
			defaultConfigurationName = Release;
		};
		437317551BD770660018B580 /* Build configuration list for PBXNativeTarget "deploynotshareTests" */ = {
			isa = XCConfigurationList;
			buildConfigurations = (
				437317561BD770660018B580 /* Debug */,
				437317571BD770660018B580 /* Release */,
			);
			defaultConfigurationIsVisible = 0;
			defaultConfigurationName = Release;
		};
		437317581BD770660018B580 /* Build configuration list for PBXNativeTarget "deploynotshareUITests" */ = {
			isa = XCConfigurationList;
			buildConfigurations = (
				437317591BD770660018B580 /* Debug */,
				4373175A1BD770660018B580 /* Release */,
			);
			defaultConfigurationIsVisible = 0;
			defaultConfigurationName = Release;
		};
/* End XCConfigurationList section */
	};
	rootObject = 437317221BD770650018B580 /* Project object */;
}
